
Microsoft Visual Studio Solution File, Format Version 12.00
# Visual Studio Version 16
VisualStudioVersion = 25.0.1706.5
MinimumVisualStudioVersion = 10.0.40219.1
Project("{FAE04EC0-301F-11D3-BF4B-00C04F79EFBC}") = "UniversityManagement.API", "UniversityManagement.API\UniversityManagement.API.csproj", "{501DF6EF-CA60-4CBB-9370-6918946762A4}"
EndProject
Global
	GlobalSection(SolutionConfigurationPlatforms) = preSolution
		Debug|Any CPU = Debug|Any CPU
		Release|Any CPU = Release|Any CPU
	EndGlobalSection
	GlobalSection(ProjectConfigurationPlatforms) = postSolution
		{501DF6EF-CA60-4CBB-9370-6918946762A4}.Debug|Any CPU.ActiveCfg = Debug|Any CPU
		{501DF6EF-CA60-4CBB-9370-6918946762A4}.Debug|Any CPU.Build.0 = Debug|Any CPU
		{501DF6EF-CA60-4CBB-9370-6918946762A4}.Release|Any CPU.ActiveCfg = Release|Any CPU
		{501DF6EF-CA60-4CBB-9370-6918946762A4}.Release|Any CPU.Build.0 = Release|Any CPU
	EndGlobalSection
	GlobalSection(SolutionProperties) = preSolution
		HideSolutionNode = FALSE
	EndGlobalSection
	GlobalSection(ExtensibilityGlobals) = postSolution
		SolutionGuid = {B1A708E0-4EDA-418E-9F79-9D89EF98FF5B}
	EndGlobalSection
EndGlobal
